
Microsoft Visual Studio Solution File, Format Version 12.00
# Visual Studio 15
VisualStudioVersion = 15.0.27004.2009
MinimumVisualStudioVersion = 10.0.40219.1
Project("{9A19103F-16F7-4668-BE54-9A1E7A4F7556}") = "HttpClientDemo", "HttpClientDemo\HttpClientDemo.csproj", "{311F3B74-8EC5-4986-9462-B7BCE4CC412A}"
EndProject
Project("{9A19103F-16F7-4668-BE54-9A1E7A4F7556}") = "WebApiDemo", "WebApiDemo\WebApiDemo.csproj", "{6C8396DF-1263-4B80-90C9-9FED2827AAEA}"
EndProject
Project("{9A19103F-16F7-4668-BE54-9A1E7A4F7556}") = "Models", "Models\Models.csproj", "{C532E8DA-4825-41CD-8918-7501DCAAA8FB}"
EndProject
Project("{FAE04EC0-301F-11D3-BF4B-00C04F79EFBC}") = "GoogleLogin", "GoogleLogin\GoogleLogin.csproj", "{14ED583A-B588-48CC-AB64-BF33A13238A8}"
EndProject
Global
	GlobalSection(SolutionConfigurationPlatforms) = preSolution
		Debug|Any CPU = Debug|Any CPU
		Release|Any CPU = Release|Any CPU
	EndGlobalSection
	GlobalSection(ProjectConfigurationPlatforms) = postSolution
		{311F3B74-8EC5-4986-9462-B7BCE4CC412A}.Debug|Any CPU.ActiveCfg = Debug|Any CPU
		{311F3B74-8EC5-4986-9462-B7BCE4CC412A}.Debug|Any CPU.Build.0 = Debug|Any CPU
		{311F3B74-8EC5-4986-9462-B7BCE4CC412A}.Release|Any CPU.ActiveCfg = Release|Any CPU
		{311F3B74-8EC5-4986-9462-B7BCE4CC412A}.Release|Any CPU.Build.0 = Release|Any CPU
		{6C8396DF-1263-4B80-90C9-9FED2827AAEA}.Debug|Any CPU.ActiveCfg = Debug|Any CPU
		{6C8396DF-1263-4B80-90C9-9FED2827AAEA}.Debug|Any CPU.Build.0 = Debug|Any CPU
		{6C8396DF-1263-4B80-90C9-9FED2827AAEA}.Release|Any CPU.ActiveCfg = Release|Any CPU
		{6C8396DF-1263-4B80-90C9-9FED2827AAEA}.Release|Any CPU.Build.0 = Release|Any CPU
		{C532E8DA-4825-41CD-8918-7501DCAAA8FB}.Debug|Any CPU.ActiveCfg = Debug|Any CPU
		{C532E8DA-4825-41CD-8918-7501DCAAA8FB}.Debug|Any CPU.Build.0 = Debug|Any CPU
		{C532E8DA-4825-41CD-8918-7501DCAAA8FB}.Release|Any CPU.ActiveCfg = Release|Any CPU
		{C532E8DA-4825-41CD-8918-7501DCAAA8FB}.Release|Any CPU.Build.0 = Release|Any CPU
		{14ED583A-B588-48CC-AB64-BF33A13238A8}.Debug|Any CPU.ActiveCfg = Debug|Any CPU
		{14ED583A-B588-48CC-AB64-BF33A13238A8}.Debug|Any CPU.Build.0 = Debug|Any CPU
		{14ED583A-B588-48CC-AB64-BF33A13238A8}.Release|Any CPU.ActiveCfg = Release|Any CPU
		{14ED583A-B588-48CC-AB64-BF33A13238A8}.Release|Any CPU.Build.0 = Release|Any CPU
	EndGlobalSection
	GlobalSection(SolutionProperties) = preSolution
		HideSolutionNode = FALSE
	EndGlobalSection
	GlobalSection(ExtensibilityGlobals) = postSolution
		SolutionGuid = {34E78F49-5281-460C-A7EB-BC78BE2728F7}
	EndGlobalSection
EndGlobal
